# This file was autogenerated by Stack.
# You should not edit this file by hand.
# For more information, please see the documentation at:
#   https://docs.haskellstack.org/en/stable/lock_files

packages:
- completed:
    hackage: scotty-0.12.1@sha256:15c06ece267187c4324645e54f2104a63fe3eb8ce6eb5698e4093735daba1f1a,5437
    pantry-tree:
      sha256: 3041974be2f367b74a696a2a5ea19948f9c5a7ca68e4e92092aceaf1de50fd9b
      size: 1701
  original:
    hackage: scotty-0.12.1
- completed:
    hackage: aeson-1.5.6.0@sha256:6e617a81afddc3797a4a1e40f303b264d50eba1f030fe9f8818ec2028cf77ae1,6794
    pantry-tree:
      sha256: 6fc377f7dc8ec4387d6e90b95ca55d4cfd9721c4c15c39ca6f7921da913e1908
      size: 37981
  original:
    hackage: aeson-1.5.6.0
snapshots:
- completed:
    sha256: 87da71cb0ae9ee1ea1bf51a8eb9812f39f779be76abc0a3c926defd8afda05d1
    size: 719139
    url: https://raw.githubusercontent.com/commercialhaskell/stackage-snapshots/master/lts/22/28.yaml
  original:
    url: https://raw.githubusercontent.com/commercialhaskell/stackage-snapshots/master/lts/22/28.yaml
